
Microsoft Visual Studio Solution File, Format Version 12.00
# Visual Studio 14
VisualStudioVersion = 14.0.23107.0
MinimumVisualStudioVersion = 10.0.40219.1
Project("{FAE04EC0-301F-11D3-BF4B-00C04F79EFBC}") = "ConsoleApplication27", "ConsoleApplication27\ConsoleApplication27.csproj", "{B1DF51ED-222F-431F-9EB4-75CFDAFD6073}"
EndProject
Global
	GlobalSection(SolutionConfigurationPlatforms) = preSolution
		Debug|Any CPU = Debug|Any CPU
		Release|Any CPU = Release|Any CPU
	EndGlobalSection
	GlobalSection(ProjectConfigurationPlatforms) = postSolution
		{B1DF51ED-222F-431F-9EB4-75CFDAFD6073}.Debug|Any CPU.ActiveCfg = Debug|Any CPU
		{B1DF51ED-222F-431F-9EB4-75CFDAFD6073}.Debug|Any CPU.Build.0 = Debug|Any CPU
		{B1DF51ED-222F-431F-9EB4-75CFDAFD6073}.Release|Any CPU.ActiveCfg = Release|Any CPU
		{B1DF51ED-222F-431F-9EB4-75CFDAFD6073}.Release|Any CPU.Build.0 = Release|Any CPU
	EndGlobalSection
	GlobalSection(SolutionProperties) = preSolution
		HideSolutionNode = FALSE
	EndGlobalSection
EndGlobal
