
Microsoft Visual Studio Solution File, Format Version 12.00
# Visual Studio 14
VisualStudioVersion = 14.0.23107.0
MinimumVisualStudioVersion = 10.0.40219.1
Project("{FAE04EC0-301F-11D3-BF4B-00C04F79EFBC}") = "ConsoleApplication14", "ConsoleApplication14\ConsoleApplication14.csproj", "{CC077493-DD1D-406D-9167-211D343EA37E}"
EndProject
Global
	GlobalSection(SolutionConfigurationPlatforms) = preSolution
		Debug|Any CPU = Debug|Any CPU
		Release|Any CPU = Release|Any CPU
	EndGlobalSection
	GlobalSection(ProjectConfigurationPlatforms) = postSolution
		{CC077493-DD1D-406D-9167-211D343EA37E}.Debug|Any CPU.ActiveCfg = Debug|Any CPU
		{CC077493-DD1D-406D-9167-211D343EA37E}.Debug|Any CPU.Build.0 = Debug|Any CPU
		{CC077493-DD1D-406D-9167-211D343EA37E}.Release|Any CPU.ActiveCfg = Release|Any CPU
		{CC077493-DD1D-406D-9167-211D343EA37E}.Release|Any CPU.Build.0 = Release|Any CPU
	EndGlobalSection
	GlobalSection(SolutionProperties) = preSolution
		HideSolutionNode = FALSE
	EndGlobalSection
EndGlobal
